// !$*UTF8*$!
{
	archiveVersion = 1;
	classes = {
	};
	objectVersion = 55;
	objects = {

/* Begin PBXBuildFile section */
		2C424F3627AAAE8B00636AB1 /* AppDelegate.swift in Sources */ = {isa = PBXBuildFile; fileRef = 2C424F3527AAAE8B00636AB1 /* AppDelegate.swift */; };
		2C424F3827AAAE8B00636AB1 /* SceneDelegate.swift in Sources */ = {isa = PBXBuildFile; fileRef = 2C424F3727AAAE8B00636AB1 /* SceneDelegate.swift */; };
		2C424F3A27AAAE8B00636AB1 /* ViewController.swift in Sources */ = {isa = PBXBuildFile; fileRef = 2C424F3927AAAE8B00636AB1 /* ViewController.swift */; };
		2C424F3D27AAAE8B00636AB1 /* Main.storyboard in Resources */ = {isa = PBXBuildFile; fileRef = 2C424F3B27AAAE8B00636AB1 /* Main.storyboard */; };
		2C424F3F27AAAE8C00636AB1 /* Assets.xcassets in Resources */ = {isa = PBXBuildFile; fileRef = 2C424F3E27AAAE8C00636AB1 /* Assets.xcassets */; };
		2C424F4227AAAE8C00636AB1 /* LaunchScreen.storyboard in Resources */ = {isa = PBXBuildFile; fileRef = 2C424F4027AAAE8C00636AB1 /* LaunchScreen.storyboard */; };
		2C424F4A27AABFDC00636AB1 /* HomeTableViewHeader.xib in Resources */ = {isa = PBXBuildFile; fileRef = 2C424F4927AABFDC00636AB1 /* HomeTableViewHeader.xib */; };
		2C424F4C27AAC83B00636AB1 /* HomeTableViewHeader.swift in Sources */ = {isa = PBXBuildFile; fileRef = 2C424F4B27AAC83B00636AB1 /* HomeTableViewHeader.swift */; };
/* End PBXBuildFile section */

/* Begin PBXFileReference section */
		2C424F3227AAAE8B00636AB1 /* Viagens Alura.app */ = {isa = PBXFileReference; explicitFileType = wrapper.application; includeInIndex = 0; path = "Viagens Alura.app"; sourceTree = BUILT_PRODUCTS_DIR; };
		2C424F3527AAAE8B00636AB1 /* AppDelegate.swift */ = {isa = PBXFileReference; lastKnownFileType = sourcecode.swift; path = AppDelegate.swift; sourceTree = "<group>"; };
		2C424F3727AAAE8B00636AB1 /* SceneDelegate.swift */ = {isa = PBXFileReference; lastKnownFileType = sourcecode.swift; path = SceneDelegate.swift; sourceTree = "<group>"; };
		2C424F3927AAAE8B00636AB1 /* ViewController.swift */ = {isa = PBXFileReference; lastKnownFileType = sourcecode.swift; path = ViewController.swift; sourceTree = "<group>"; };
		2C424F3C27AAAE8B00636AB1 /* Base */ = {isa = PBXFileReference; lastKnownFileType = file.storyboard; name = Base; path = Base.lproj/Main.storyboard; sourceTree = "<group>"; };
		2C424F3E27AAAE8C00636AB1 /* Assets.xcassets */ = {isa = PBXFileReference; lastKnownFileType = folder.assetcatalog; path = Assets.xcassets; sourceTree = "<group>"; };
		2C424F4127AAAE8C00636AB1 /* Base */ = {isa = PBXFileReference; lastKnownFileType = file.storyboard; name = Base; path = Base.lproj/LaunchScreen.storyboard; sourceTree = "<group>"; };
		2C424F4327AAAE8C00636AB1 /* Info.plist */ = {isa = PBXFileReference; lastKnownFileType = text.plist.xml; path = Info.plist; sourceTree = "<group>"; };
		2C424F4927AABFDC00636AB1 /* HomeTableViewHeader.xib */ = {isa = PBXFileReference; lastKnownFileType = file.xib; path = HomeTableViewHeader.xib; sourceTree = "<group>"; };
		2C424F4B27AAC83B00636AB1 /* HomeTableViewHeader.swift */ = {isa = PBXFileReference; lastKnownFileType = sourcecode.swift; path = HomeTableViewHeader.swift; sourceTree = "<group>"; };
/* End PBXFileReference section */

/* Begin PBXFrameworksBuildPhase section */
		2C424F2F27AAAE8B00636AB1 /* Frameworks */ = {
			isa = PBXFrameworksBuildPhase;
			buildActionMask = 2147483647;
			files = (
			);
			runOnlyForDeploymentPostprocessing = 0;
		};
/* End PBXFrameworksBuildPhase section */

/* Begin PBXGroup section */
		2C424F2927AAAE8B00636AB1 = {
			isa = PBXGroup;
			children = (
				2C424F3427AAAE8B00636AB1 /* Viagens Alura */,
				2C424F3327AAAE8B00636AB1 /* Products */,
			);
			sourceTree = "<group>";
		};
		2C424F3327AAAE8B00636AB1 /* Products */ = {
			isa = PBXGroup;
			children = (
				2C424F3227AAAE8B00636AB1 /* Viagens Alura.app */,
			);
			name = Products;
			sourceTree = "<group>";
		};
		2C424F3427AAAE8B00636AB1 /* Viagens Alura */ = {
			isa = PBXGroup;
			children = (
				2C5766F927AC4724003FDD04 /* AppDelegate */,
				2C5766FA27AC473A003FDD04 /* Model */,
				2C5766FB27AC4756003FDD04 /* View */,
				2C5766FD27AC4794003FDD04 /* ViewModel */,
				2C424F3E27AAAE8C00636AB1 /* Assets.xcassets */,
				2C424F4027AAAE8C00636AB1 /* LaunchScreen.storyboard */,
				2C424F4327AAAE8C00636AB1 /* Info.plist */,
			);
			path = "Viagens Alura";
			sourceTree = "<group>";
		};
		2C5766F927AC4724003FDD04 /* AppDelegate */ = {
			isa = PBXGroup;
			children = (
				2C424F3527AAAE8B00636AB1 /* AppDelegate.swift */,
				2C424F3727AAAE8B00636AB1 /* SceneDelegate.swift */,
			);
			path = AppDelegate;
			sourceTree = "<group>";
		};
		2C5766FA27AC473A003FDD04 /* Model */ = {
			isa = PBXGroup;
			children = (
			);
			path = Model;
			sourceTree = "<group>";
		};
		2C5766FB27AC4756003FDD04 /* View */ = {
			isa = PBXGroup;
			children = (
				2C5766FC27AC477E003FDD04 /* Header */,
				2C424F3B27AAAE8B00636AB1 /* Main.storyboard */,
				2C424F3927AAAE8B00636AB1 /* ViewController.swift */,
			);
			path = View;
			sourceTree = "<group>";
		};
		2C5766FC27AC477E003FDD04 /* Header */ = {
			isa = PBXGroup;
			children = (
				2C424F4927AABFDC00636AB1 /* HomeTableViewHeader.xib */,
				2C424F4B27AAC83B00636AB1 /* HomeTableViewHeader.swift */,
			);
			path = Header;
			sourceTree = "<group>";
		};
		2C5766FD27AC4794003FDD04 /* ViewModel */ = {
			isa = PBXGroup;
			children = (
			);
			path = ViewModel;
			sourceTree = "<group>";
		};
/* End PBXGroup section */

/* Begin PBXNativeTarget section */
		2C424F3127AAAE8B00636AB1 /* Viagens Alura */ = {
			isa = PBXNativeTarget;
			buildConfigurationList = 2C424F4627AAAE8C00636AB1 /* Build configuration list for PBXNativeTarget "Viagens Alura" */;
			buildPhases = (
				2C424F2E27AAAE8B00636AB1 /* Sources */,
				2C424F2F27AAAE8B00636AB1 /* Frameworks */,
				2C424F3027AAAE8B00636AB1 /* Resources */,
			);
			buildRules = (
			);
			dependencies = (
			);
			name = "Viagens Alura";
			productName = "Viagens Alura";
			productReference = 2C424F3227AAAE8B00636AB1 /* Viagens Alura.app */;
			productType = "com.apple.product-type.application";
		};
/* End PBXNativeTarget section */

/* Begin PBXProject section */
		2C424F2A27AAAE8B00636AB1 /* Project object */ = {
			isa = PBXProject;
			attributes = {
				BuildIndependentTargetsInParallel = 1;
				LastSwiftUpdateCheck = 1320;
				LastUpgradeCheck = 1320;
				TargetAttributes = {
					2C424F3127AAAE8B00636AB1 = {
						CreatedOnToolsVersion = 13.2.1;
					};
				};
			};
			buildConfigurationList = 2C424F2D27AAAE8B00636AB1 /* Build configuration list for PBXProject "Viagens Alura" */;
			compatibilityVersion = "Xcode 13.0";
			developmentRegion = en;
			hasScannedForEncodings = 0;
			knownRegions = (
				en,
				Base,
			);
			mainGroup = 2C424F2927AAAE8B00636AB1;
			productRefGroup = 2C424F3327AAAE8B00636AB1 /* Products */;
			projectDirPath = "";
			projectRoot = "";
			targets = (
				2C424F3127AAAE8B00636AB1 /* Viagens Alura */,
			);
		};
/* End PBXProject section */

/* Begin PBXResourcesBuildPhase section */
		2C424F3027AAAE8B00636AB1 /* Resources */ = {
			isa = PBXResourcesBuildPhase;
			buildActionMask = 2147483647;
			files = (
				2C424F4227AAAE8C00636AB1 /* LaunchScreen.storyboard in Resources */,
				2C424F4A27AABFDC00636AB1 /* HomeTableViewHeader.xib in Resources */,
				2C424F3F27AAAE8C00636AB1 /* Assets.xcassets in Resources */,
				2C424F3D27AAAE8B00636AB1 /* Main.storyboard in Resources */,
			);
			runOnlyForDeploymentPostprocessing = 0;
		};
/* End PBXResourcesBuildPhase section */

/* Begin PBXSourcesBuildPhase section */
		2C424F2E27AAAE8B00636AB1 /* Sources */ = {
			isa = PBXSourcesBuildPhase;
			buildActionMask = 2147483647;
			files = (
				2C424F3A27AAAE8B00636AB1 /* ViewController.swift in Sources */,
				2C424F4C27AAC83B00636AB1 /* HomeTableViewHeader.swift in Sources */,
				2C424F3627AAAE8B00636AB1 /* AppDelegate.swift in Sources */,
				2C424F3827AAAE8B00636AB1 /* SceneDelegate.swift in Sources */,
			);
			runOnlyForDeploymentPostprocessing = 0;
		};
/* End PBXSourcesBuildPhase section */

/* Begin PBXVariantGroup section */
		2C424F3B27AAAE8B00636AB1 /* Main.storyboard */ = {
			isa = PBXVariantGroup;
			children = (
				2C424F3C27AAAE8B00636AB1 /* Base */,
			);
			name = Main.storyboard;
			sourceTree = "<group>";
		};
		2C424F4027AAAE8C00636AB1 /* LaunchScreen.storyboard */ = {
			isa = PBXVariantGroup;
			children = (
				2C424F4127AAAE8C00636AB1 /* Base */,
			);
			name = LaunchScreen.storyboard;
			sourceTree = "<group>";
		};
/* End PBXVariantGroup section */

/* Begin XCBuildConfiguration section */
		2C424F4427AAAE8C00636AB1 /* Debug */ = {
			isa = XCBuildConfiguration;
			buildSettings = {
				ALWAYS_SEARCH_USER_PATHS = NO;
				CLANG_ANALYZER_NONNULL = YES;
				CLANG_ANALYZER_NUMBER_OBJECT_CONVERSION = YES_AGGRESSIVE;
				CLANG_CXX_LANGUAGE_STANDARD = "gnu++17";
				CLANG_CXX_LIBRARY = "libc++";
				CLANG_ENABLE_MODULES = YES;
				CLANG_ENABLE_OBJC_ARC = YES;
				CLANG_ENABLE_OBJC_WEAK = YES;
				CLANG_WARN_BLOCK_CAPTURE_AUTORELEASING = YES;
				CLANG_WARN_BOOL_CONVERSION = YES;
				CLANG_WARN_COMMA = YES;
				CLANG_WARN_CONSTANT_CONVERSION = YES;
				CLANG_WARN_DEPRECATED_OBJC_IMPLEMENTATIONS = YES;
				CLANG_WARN_DIRECT_OBJC_ISA_USAGE = YES_ERROR;
				CLANG_WARN_DOCUMENTATION_COMMENTS = YES;
				CLANG_WARN_EMPTY_BODY = YES;
				CLANG_WARN_ENUM_CONVERSION = YES;
				CLANG_WARN_INFINITE_RECURSION = YES;
				CLANG_WARN_INT_CONVERSION = YES;
				CLANG_WARN_NON_LITERAL_NULL_CONVERSION = YES;
				CLANG_WARN_OBJC_IMPLICIT_RETAIN_SELF = YES;
				CLANG_WARN_OBJC_LITERAL_CONVERSION = YES;
				CLANG_WARN_OBJC_ROOT_CLASS = YES_ERROR;
				CLANG_WARN_QUOTED_INCLUDE_IN_FRAMEWORK_HEADER = YES;
				CLANG_WARN_RANGE_LOOP_ANALYSIS = YES;
				CLANG_WARN_STRICT_PROTOTYPES = YES;
				CLANG_WARN_SUSPICIOUS_MOVE = YES;
				CLANG_WARN_UNGUARDED_AVAILABILITY = YES_AGGRESSIVE;
				CLANG_WARN_UNREACHABLE_CODE = YES;
				CLANG_WARN__DUPLICATE_METHOD_MATCH = YES;
				COPY_PHASE_STRIP = NO;
				DEBUG_INFORMATION_FORMAT = dwarf;
				ENABLE_STRICT_OBJC_MSGSEND = YES;
				ENABLE_TESTABILITY = YES;
				GCC_C_LANGUAGE_STANDARD = gnu11;
				GCC_DYNAMIC_NO_PIC = NO;
				GCC_NO_COMMON_BLOCKS = YES;
				GCC_OPTIMIZATION_LEVEL = 0;
				GCC_PREPROCESSOR_DEFINITIONS = (
					"DEBUG=1",
					"$(inherited)",
				);
				GCC_WARN_64_TO_32_BIT_CONVERSION = YES;
				GCC_WARN_ABOUT_RETURN_TYPE = YES_ERROR;
				GCC_WARN_UNDECLARED_SELECTOR = YES;
				GCC_WARN_UNINITIALIZED_AUTOS = YES_AGGRESSIVE;
				GCC_WARN_UNUSED_FUNCTION = YES;
				GCC_WARN_UNUSED_VARIABLE = YES;
				IPHONEOS_DEPLOYMENT_TARGET = 15.2;
				MTL_ENABLE_DEBUG_INFO = INCLUDE_SOURCE;
				MTL_FAST_MATH = YES;
				ONLY_ACTIVE_ARCH = YES;
				SDKROOT = iphoneos;
				SWIFT_ACTIVE_COMPILATION_CONDITIONS = DEBUG;
				SWIFT_OPTIMIZATION_LEVEL = "-Onone";
			};
			name = Debug;
		};
		2C424F4527AAAE8C00636AB1 /* Release */ = {
			isa = XCBuildConfiguration;
			buildSettings = {
				ALWAYS_SEARCH_USER_PATHS = NO;
				CLANG_ANALYZER_NONNULL = YES;
				CLANG_ANALYZER_NUMBER_OBJECT_CONVERSION = YES_AGGRESSIVE;
				CLANG_CXX_LANGUAGE_STANDARD = "gnu++17";
				CLANG_CXX_LIBRARY = "libc++";
				CLANG_ENABLE_MODULES = YES;
				CLANG_ENABLE_OBJC_ARC = YES;
				CLANG_ENABLE_OBJC_WEAK = YES;
				CLANG_WARN_BLOCK_CAPTURE_AUTORELEASING = YES;
				CLANG_WARN_BOOL_CONVERSION = YES;
				CLANG_WARN_COMMA = YES;
				CLANG_WARN_CONSTANT_CONVERSION = YES;
				CLANG_WARN_DEPRECATED_OBJC_IMPLEMENTATIONS = YES;
				CLANG_WARN_DIRECT_OBJC_ISA_USAGE = YES_ERROR;
				CLANG_WARN_DOCUMENTATION_COMMENTS = YES;
				CLANG_WARN_EMPTY_BODY = YES;
				CLANG_WARN_ENUM_CONVERSION = YES;
				CLANG_WARN_INFINITE_RECURSION = YES;
				CLANG_WARN_INT_CONVERSION = YES;
				CLANG_WARN_NON_LITERAL_NULL_CONVERSION = YES;
				CLANG_WARN_OBJC_IMPLICIT_RETAIN_SELF = YES;
				CLANG_WARN_OBJC_LITERAL_CONVERSION = YES;
				CLANG_WARN_OBJC_ROOT_CLASS = YES_ERROR;
				CLANG_WARN_QUOTED_INCLUDE_IN_FRAMEWORK_HEADER = YES;
				CLANG_WARN_RANGE_LOOP_ANALYSIS = YES;
				CLANG_WARN_STRICT_PROTOTYPES = YES;
				CLANG_WARN_SUSPICIOUS_MOVE = YES;
				CLANG_WARN_UNGUARDED_AVAILABILITY = YES_AGGRESSIVE;
				CLANG_WARN_UNREACHABLE_CODE = YES;
				CLANG_WARN__DUPLICATE_METHOD_MATCH = YES;
				COPY_PHASE_STRIP = NO;
				DEBUG_INFORMATION_FORMAT = "dwarf-with-dsym";
				ENABLE_NS_ASSERTIONS = NO;
				ENABLE_STRICT_OBJC_MSGSEND = YES;
				GCC_C_LANGUAGE_STANDARD = gnu11;
				GCC_NO_COMMON_BLOCKS = YES;
				GCC_WARN_64_TO_32_BIT_CONVERSION = YES;
				GCC_WARN_ABOUT_RETURN_TYPE = YES_ERROR;
				GCC_WARN_UNDECLARED_SELECTOR = YES;
				GCC_WARN_UNINITIALIZED_AUTOS = YES_AGGRESSIVE;
				GCC_WARN_UNUSED_FUNCTION = YES;
				GCC_WARN_UNUSED_VARIABLE = YES;
				IPHONEOS_DEPLOYMENT_TARGET = 15.2;
				MTL_ENABLE_DEBUG_INFO = NO;
				MTL_FAST_MATH = YES;
				SDKROOT = iphoneos;
				SWIFT_COMPILATION_MODE = wholemodule;
				SWIFT_OPTIMIZATION_LEVEL = "-O";
				VALIDATE_PRODUCT = YES;
			};
			name = Release;
		};
		2C424F4727AAAE8C00636AB1 /* Debug */ = {
			isa = XCBuildConfiguration;
			buildSettings = {
				ASSETCATALOG_COMPILER_APPICON_NAME = AppIcon;
				ASSETCATALOG_COMPILER_GLOBAL_ACCENT_COLOR_NAME = AccentColor;
				CODE_SIGN_STYLE = Automatic;
				CURRENT_PROJECT_VERSION = 1;
				GENERATE_INFOPLIST_FILE = YES;
				INFOPLIST_FILE = "Viagens Alura/Info.plist";
				INFOPLIST_KEY_UIApplicationSupportsIndirectInputEvents = YES;
				INFOPLIST_KEY_UILaunchStoryboardName = LaunchScreen;
				INFOPLIST_KEY_UIMainStoryboardFile = Main;
				INFOPLIST_KEY_UISupportedInterfaceOrientations_iPad = "UIInterfaceOrientationPortrait UIInterfaceOrientationPortraitUpsideDown UIInterfaceOrientationLandscapeLeft UIInterfaceOrientationLandscapeRight";
				INFOPLIST_KEY_UISupportedInterfaceOrientations_iPhone = "UIInterfaceOrientationPortrait UIInterfaceOrientationLandscapeLeft UIInterfaceOrientationLandscapeRight";
				LD_RUNPATH_SEARCH_PATHS = (
					"$(inherited)",
					"@executable_path/Frameworks",
				);
				MARKETING_VERSION = 1.0;
				PRODUCT_BUNDLE_IDENTIFIER = "br.com.nttdataeveris.Viagens-Alura";
				PRODUCT_NAME = "$(TARGET_NAME)";
				SWIFT_EMIT_LOC_STRINGS = YES;
				SWIFT_VERSION = 5.0;
				TARGETED_DEVICE_FAMILY = "1,2";
			};
			name = Debug;
		};
		2C424F4827AAAE8C00636AB1 /* Release */ = {
			isa = XCBuildConfiguration;
			buildSettings = {
				ASSETCATALOG_COMPILER_APPICON_NAME = AppIcon;
				ASSETCATALOG_COMPILER_GLOBAL_ACCENT_COLOR_NAME = AccentColor;
				CODE_SIGN_STYLE = Automatic;
				CURRENT_PROJECT_VERSION = 1;
				GENERATE_INFOPLIST_FILE = YES;
				INFOPLIST_FILE = "Viagens Alura/Info.plist";
				INFOPLIST_KEY_UIApplicationSupportsIndirectInputEvents = YES;
				INFOPLIST_KEY_UILaunchStoryboardName = LaunchScreen;
				INFOPLIST_KEY_UIMainStoryboardFile = Main;
				INFOPLIST_KEY_UISupportedInterfaceOrientations_iPad = "UIInterfaceOrientationPortrait UIInterfaceOrientationPortraitUpsideDown UIInterfaceOrientationLandscapeLeft UIInterfaceOrientationLandscapeRight";
				INFOPLIST_KEY_UISupportedInterfaceOrientations_iPhone = "UIInterfaceOrientationPortrait UIInterfaceOrientationLandscapeLeft UIInterfaceOrientationLandscapeRight";
				LD_RUNPATH_SEARCH_PATHS = (
					"$(inherited)",
					"@executable_path/Frameworks",
				);
				MARKETING_VERSION = 1.0;
				PRODUCT_BUNDLE_IDENTIFIER = "br.com.nttdataeveris.Viagens-Alura";
				PRODUCT_NAME = "$(TARGET_NAME)";
				SWIFT_EMIT_LOC_STRINGS = YES;
				SWIFT_VERSION = 5.0;
				TARGETED_DEVICE_FAMILY = "1,2";
			};
			name = Release;
		};
/* End XCBuildConfiguration section */

/* Begin XCConfigurationList section */
		2C424F2D27AAAE8B00636AB1 /* Build configuration list for PBXProject "Viagens Alura" */ = {
			isa = XCConfigurationList;
			buildConfigurations = (
				2C424F4427AAAE8C00636AB1 /* Debug */,
				2C424F4527AAAE8C00636AB1 /* Release */,
			);
			defaultConfigurationIsVisible = 0;
			defaultConfigurationName = Release;
		};
		2C424F4627AAAE8C00636AB1 /* Build configuration list for PBXNativeTarget "Viagens Alura" */ = {
			isa = XCConfigurationList;
			buildConfigurations = (
				2C424F4727AAAE8C00636AB1 /* Debug */,
				2C424F4827AAAE8C00636AB1 /* Release */,
			);
			defaultConfigurationIsVisible = 0;
			defaultConfigurationName = Release;
		};
/* End XCConfigurationList section */
	};
	rootObject = 2C424F2A27AAAE8B00636AB1 /* Project object */;
}
